{
  "pins" : [
    {
      "identity" : "dswaveformimage",
      "kind" : "remoteSourceControl",
      "location" : "https://github.com/dmrschmidt/DSWaveformImage",
      "state" : {
        "revision" : "e9a2e5422d1e58e7411e8ecce0b4b091e627d223",
        "version" : "9.1.1"
      }
    },
    {
      "identity" : "swiftui-cached-async-image",
      "kind" : "remoteSourceControl",
      "location" : "https://github.com/lorenzofiamingo/swiftui-cached-async-image",
      "state" : {
        "branch" : "main",
        "revision" : "f94be38411297c71aa8df69c6875127e6d8d7a92"
      }
    }
  ],
  "version" : 2
}
